
Microsoft Visual Studio Solution File, Format Version 12.00
# Visual Studio Version 17
VisualStudioVersion = 17.4.33213.308
MinimumVisualStudioVersion = 10.0.40219.1
Project("{FAE04EC0-301F-11D3-BF4B-00C04F79EFBC}") = "Metotlar", "Metotlar\Metotlar.csproj", "{367B62B3-57CD-4198-81E5-9E7072BE52F7}"
EndProject
Project("{FAE04EC0-301F-11D3-BF4B-00C04F79EFBC}") = "Matematik", "Matematik\Matematik.csproj", "{49DFDAC0-CA64-4D1F-8B8D-C9E2A4EF80B4}"
EndProject
Project("{FAE04EC0-301F-11D3-BF4B-00C04F79EFBC}") = "DegerReferanstipler", "DegerReferanstipler\DegerReferanstipler.csproj", "{0A907649-D7AF-4E53-8A1E-E8064ECA9DC8}"
EndProject
Global
	GlobalSection(SolutionConfigurationPlatforms) = preSolution
		Debug|Any CPU = Debug|Any CPU
		Release|Any CPU = Release|Any CPU
	EndGlobalSection
	GlobalSection(ProjectConfigurationPlatforms) = postSolution
		{367B62B3-57CD-4198-81E5-9E7072BE52F7}.Debug|Any CPU.ActiveCfg = Debug|Any CPU
		{367B62B3-57CD-4198-81E5-9E7072BE52F7}.Debug|Any CPU.Build.0 = Debug|Any CPU
		{367B62B3-57CD-4198-81E5-9E7072BE52F7}.Release|Any CPU.ActiveCfg = Release|Any CPU
		{367B62B3-57CD-4198-81E5-9E7072BE52F7}.Release|Any CPU.Build.0 = Release|Any CPU
		{49DFDAC0-CA64-4D1F-8B8D-C9E2A4EF80B4}.Debug|Any CPU.ActiveCfg = Debug|Any CPU
		{49DFDAC0-CA64-4D1F-8B8D-C9E2A4EF80B4}.Debug|Any CPU.Build.0 = Debug|Any CPU
		{49DFDAC0-CA64-4D1F-8B8D-C9E2A4EF80B4}.Release|Any CPU.ActiveCfg = Release|Any CPU
		{49DFDAC0-CA64-4D1F-8B8D-C9E2A4EF80B4}.Release|Any CPU.Build.0 = Release|Any CPU
		{0A907649-D7AF-4E53-8A1E-E8064ECA9DC8}.Debug|Any CPU.ActiveCfg = Debug|Any CPU
		{0A907649-D7AF-4E53-8A1E-E8064ECA9DC8}.Debug|Any CPU.Build.0 = Debug|Any CPU
		{0A907649-D7AF-4E53-8A1E-E8064ECA9DC8}.Release|Any CPU.ActiveCfg = Release|Any CPU
		{0A907649-D7AF-4E53-8A1E-E8064ECA9DC8}.Release|Any CPU.Build.0 = Release|Any CPU
	EndGlobalSection
	GlobalSection(SolutionProperties) = preSolution
		HideSolutionNode = FALSE
	EndGlobalSection
	GlobalSection(ExtensibilityGlobals) = postSolution
		SolutionGuid = {DAE44A93-0C9B-4C8F-AAA1-4A25420452F0}
	EndGlobalSection
EndGlobal
